
Microsoft Visual Studio Solution File, Format Version 12.00
# Visual Studio Version 17
VisualStudioVersion = 17.0.31903.59
MinimumVisualStudioVersion = 10.0.40219.1
Project("{9A19103F-16F7-4668-BE54-9A1E7A4F7556}") = "MinimalFormBinding", "MinimalFormBinding\MinimalFormBinding.csproj", "{31743928-62A8-44FC-B390-C6662F436AF9}"
EndProject
Project("{9A19103F-16F7-4668-BE54-9A1E7A4F7556}") = "KeyedDI", "KeyedDI\KeyedDI.csproj", "{BA61A138-9613-4FAF-9D3D-FA1A1FE005D3}"
EndProject
Project("{9A19103F-16F7-4668-BE54-9A1E7A4F7556}") = "SignalRStatefulReconnect", "SignalRStatefulReconnect\SignalRStatefulReconnect.csproj", "{03AC7362-C2E0-4075-BA0B-8D41FBBBE10D}"
EndProject
Project("{9A19103F-16F7-4668-BE54-9A1E7A4F7556}") = "RequestTimeouts", "RequestTimeouts\RequestTimeouts.csproj", "{F2EF8089-0D6D-4F78-A6EE-B51E2E592212}"
EndProject
Project("{9A19103F-16F7-4668-BE54-9A1E7A4F7556}") = "NewAnalyzers", "NewAnalyzers\NewAnalyzers.csproj", "{21D299A8-7120-43F6-B5E9-489476ACEFD4}"
EndProject
Project("{9A19103F-16F7-4668-BE54-9A1E7A4F7556}") = "ShortCircuit", "ShortCircuit\ShortCircuit.csproj", "{72BCC4FC-52C5-4606-A948-0E08C6C05579}"
EndProject
Project("{FAE04EC0-301F-11D3-BF4B-00C04F79EFBC}") = "MultipleExceptionHandlers", "MultipleExceptionHandlers\MultipleExceptionHandlers.csproj", "{25429031-DFE0-4A4B-BCB9-943274BE8F2D}"
EndProject
Global
	GlobalSection(SolutionConfigurationPlatforms) = preSolution
		Debug|Any CPU = Debug|Any CPU
		Release|Any CPU = Release|Any CPU
	EndGlobalSection
	GlobalSection(ProjectConfigurationPlatforms) = postSolution
		{31743928-62A8-44FC-B390-C6662F436AF9}.Debug|Any CPU.ActiveCfg = Debug|Any CPU
		{31743928-62A8-44FC-B390-C6662F436AF9}.Debug|Any CPU.Build.0 = Debug|Any CPU
		{31743928-62A8-44FC-B390-C6662F436AF9}.Release|Any CPU.ActiveCfg = Release|Any CPU
		{31743928-62A8-44FC-B390-C6662F436AF9}.Release|Any CPU.Build.0 = Release|Any CPU
		{BA61A138-9613-4FAF-9D3D-FA1A1FE005D3}.Debug|Any CPU.ActiveCfg = Debug|Any CPU
		{BA61A138-9613-4FAF-9D3D-FA1A1FE005D3}.Debug|Any CPU.Build.0 = Debug|Any CPU
		{BA61A138-9613-4FAF-9D3D-FA1A1FE005D3}.Release|Any CPU.ActiveCfg = Release|Any CPU
		{BA61A138-9613-4FAF-9D3D-FA1A1FE005D3}.Release|Any CPU.Build.0 = Release|Any CPU
		{03AC7362-C2E0-4075-BA0B-8D41FBBBE10D}.Debug|Any CPU.ActiveCfg = Debug|Any CPU
		{03AC7362-C2E0-4075-BA0B-8D41FBBBE10D}.Debug|Any CPU.Build.0 = Debug|Any CPU
		{03AC7362-C2E0-4075-BA0B-8D41FBBBE10D}.Release|Any CPU.ActiveCfg = Release|Any CPU
		{03AC7362-C2E0-4075-BA0B-8D41FBBBE10D}.Release|Any CPU.Build.0 = Release|Any CPU
		{F2EF8089-0D6D-4F78-A6EE-B51E2E592212}.Debug|Any CPU.ActiveCfg = Debug|Any CPU
		{F2EF8089-0D6D-4F78-A6EE-B51E2E592212}.Debug|Any CPU.Build.0 = Debug|Any CPU
		{F2EF8089-0D6D-4F78-A6EE-B51E2E592212}.Release|Any CPU.ActiveCfg = Release|Any CPU
		{F2EF8089-0D6D-4F78-A6EE-B51E2E592212}.Release|Any CPU.Build.0 = Release|Any CPU
		{21D299A8-7120-43F6-B5E9-489476ACEFD4}.Debug|Any CPU.ActiveCfg = Debug|Any CPU
		{21D299A8-7120-43F6-B5E9-489476ACEFD4}.Debug|Any CPU.Build.0 = Debug|Any CPU
		{21D299A8-7120-43F6-B5E9-489476ACEFD4}.Release|Any CPU.ActiveCfg = Release|Any CPU
		{21D299A8-7120-43F6-B5E9-489476ACEFD4}.Release|Any CPU.Build.0 = Release|Any CPU
		{72BCC4FC-52C5-4606-A948-0E08C6C05579}.Debug|Any CPU.ActiveCfg = Debug|Any CPU
		{72BCC4FC-52C5-4606-A948-0E08C6C05579}.Debug|Any CPU.Build.0 = Debug|Any CPU
		{72BCC4FC-52C5-4606-A948-0E08C6C05579}.Release|Any CPU.ActiveCfg = Release|Any CPU
		{72BCC4FC-52C5-4606-A948-0E08C6C05579}.Release|Any CPU.Build.0 = Release|Any CPU
		{25429031-DFE0-4A4B-BCB9-943274BE8F2D}.Debug|Any CPU.ActiveCfg = Debug|Any CPU
		{25429031-DFE0-4A4B-BCB9-943274BE8F2D}.Debug|Any CPU.Build.0 = Debug|Any CPU
		{25429031-DFE0-4A4B-BCB9-943274BE8F2D}.Release|Any CPU.ActiveCfg = Release|Any CPU
		{25429031-DFE0-4A4B-BCB9-943274BE8F2D}.Release|Any CPU.Build.0 = Release|Any CPU
	EndGlobalSection
	GlobalSection(SolutionProperties) = preSolution
		HideSolutionNode = FALSE
	EndGlobalSection
	GlobalSection(ExtensibilityGlobals) = postSolution
		SolutionGuid = {4A8E67FD-47A1-4002-92A6-0D9AA274F544}
	EndGlobalSection
EndGlobal
